
Microsoft Visual Studio Solution File, Format Version 12.00
Project("{FAE04EC0-301F-11D3-BF4B-00C04F79EFBC}") = "TradingBot.AppHost", "TradingBot.AppHost\TradingBot.AppHost.csproj", "{75512DE7-79F9-4721-A192-A046FDA9176A}"
EndProject
Project("{FAE04EC0-301F-11D3-BF4B-00C04F79EFBC}") = "TradingBot.ServiceDefaults", "TradingBot.ServiceDefaults\TradingBot.ServiceDefaults.csproj", "{1FD0C6FD-7098-4E3A-8A32-2C19AF24B883}"
EndProject
Project("{FAE04EC0-301F-11D3-BF4B-00C04F79EFBC}") = "TradingBot.ApiService", "TradingBot.ApiService\TradingBot.ApiService.csproj", "{8AF88488-4C56-4CDD-B74E-B287F51EB0F7}"
EndProject
Project("{FAE04EC0-301F-11D3-BF4B-00C04F79EFBC}") = "TradingBot.Web", "TradingBot.Web\TradingBot.Web.csproj", "{C919807C-E711-44A5-B3A0-E1CEFE69A003}"
EndProject
Global
	GlobalSection(SolutionConfigurationPlatforms) = preSolution
		Debug|Any CPU = Debug|Any CPU
		Release|Any CPU = Release|Any CPU
	EndGlobalSection
	GlobalSection(ProjectConfigurationPlatforms) = postSolution
		{75512DE7-79F9-4721-A192-A046FDA9176A}.Debug|Any CPU.ActiveCfg = Debug|Any CPU
		{75512DE7-79F9-4721-A192-A046FDA9176A}.Debug|Any CPU.Build.0 = Debug|Any CPU
		{75512DE7-79F9-4721-A192-A046FDA9176A}.Release|Any CPU.ActiveCfg = Release|Any CPU
		{75512DE7-79F9-4721-A192-A046FDA9176A}.Release|Any CPU.Build.0 = Release|Any CPU
		{1FD0C6FD-7098-4E3A-8A32-2C19AF24B883}.Debug|Any CPU.ActiveCfg = Debug|Any CPU
		{1FD0C6FD-7098-4E3A-8A32-2C19AF24B883}.Debug|Any CPU.Build.0 = Debug|Any CPU
		{1FD0C6FD-7098-4E3A-8A32-2C19AF24B883}.Release|Any CPU.ActiveCfg = Release|Any CPU
		{1FD0C6FD-7098-4E3A-8A32-2C19AF24B883}.Release|Any CPU.Build.0 = Release|Any CPU
		{8AF88488-4C56-4CDD-B74E-B287F51EB0F7}.Debug|Any CPU.ActiveCfg = Debug|Any CPU
		{8AF88488-4C56-4CDD-B74E-B287F51EB0F7}.Debug|Any CPU.Build.0 = Debug|Any CPU
		{8AF88488-4C56-4CDD-B74E-B287F51EB0F7}.Release|Any CPU.ActiveCfg = Release|Any CPU
		{8AF88488-4C56-4CDD-B74E-B287F51EB0F7}.Release|Any CPU.Build.0 = Release|Any CPU
		{C919807C-E711-44A5-B3A0-E1CEFE69A003}.Debug|Any CPU.ActiveCfg = Debug|Any CPU
		{C919807C-E711-44A5-B3A0-E1CEFE69A003}.Debug|Any CPU.Build.0 = Debug|Any CPU
		{C919807C-E711-44A5-B3A0-E1CEFE69A003}.Release|Any CPU.ActiveCfg = Release|Any CPU
		{C919807C-E711-44A5-B3A0-E1CEFE69A003}.Release|Any CPU.Build.0 = Release|Any CPU
	EndGlobalSection
EndGlobal
