<Solution>
  <Folder Name="/solution-items/">
    <File Path=".dockerignore" />
    <File Path=".editorconfig" />
  </Folder>
  <Folder Name="/src/">
    <Project Path="src/TradingBot.ApiService/TradingBot.ApiService.csproj" />
    <Project Path="src/TradingBot.AppHost/TradingBot.AppHost.csproj" />
    <Project Path="src/TradingBot.ServiceDefaults/TradingBot.ServiceDefaults.csproj" />
  </Folder>
</Solution>